// !$*UTF8*$!
{
	archiveVersion = 1;
	classes = {
	};
	objectVersion = 50;
	objects = {

/* Begin PBXBuildFile section */
		5A7212A2254C86AA005DEB1A /* RollDiceView.swift in Sources */ = {isa = PBXBuildFile; fileRef = 5A7212A1254C86AA005DEB1A /* RollDiceView.swift */; };
		5A7212AA254CC6D4005DEB1A /* HistoryView.swift in Sources */ = {isa = PBXBuildFile; fileRef = 5A7212A9254CC6D4005DEB1A /* HistoryView.swift */; };
		72C8A550254C90DA009AF55D /* DiceView.swift in Sources */ = {isa = PBXBuildFile; fileRef = 72C8A54F254C90DA009AF55D /* DiceView.swift */; };
		F0C5BBB3254C7D9700F1A3CB /* TeamDiceRollerApp.swift in Sources */ = {isa = PBXBuildFile; fileRef = F0C5BBB2254C7D9700F1A3CB /* TeamDiceRollerApp.swift */; };
		F0C5BBB5254C7D9700F1A3CB /* ContentView.swift in Sources */ = {isa = PBXBuildFile; fileRef = F0C5BBB4254C7D9700F1A3CB /* ContentView.swift */; };
		F0C5BBB7254C7D9900F1A3CB /* Assets.xcassets in Resources */ = {isa = PBXBuildFile; fileRef = F0C5BBB6254C7D9900F1A3CB /* Assets.xcassets */; };
		F0C5BBBA254C7D9900F1A3CB /* Preview Assets.xcassets in Resources */ = {isa = PBXBuildFile; fileRef = F0C5BBB9254C7D9900F1A3CB /* Preview Assets.xcassets */; };
		F0C5BBBC254C7D9900F1A3CB /* Persistence.swift in Sources */ = {isa = PBXBuildFile; fileRef = F0C5BBBB254C7D9900F1A3CB /* Persistence.swift */; };
		F0C5BBBF254C7D9900F1A3CB /* TeamDiceRoller.xcdatamodeld in Sources */ = {isa = PBXBuildFile; fileRef = F0C5BBBD254C7D9900F1A3CB /* TeamDiceRoller.xcdatamodeld */; };
		F0C5BBCA254C7D9900F1A3CB /* TeamDiceRollerTests.swift in Sources */ = {isa = PBXBuildFile; fileRef = F0C5BBC9254C7D9900F1A3CB /* TeamDiceRollerTests.swift */; };
		F0C5BBD5254C7D9900F1A3CB /* TeamDiceRollerUITests.swift in Sources */ = {isa = PBXBuildFile; fileRef = F0C5BBD4254C7D9900F1A3CB /* TeamDiceRollerUITests.swift */; };
/* End PBXBuildFile section */

/* Begin PBXContainerItemProxy section */
		F0C5BBC6254C7D9900F1A3CB /* PBXContainerItemProxy */ = {
			isa = PBXContainerItemProxy;
			containerPortal = F0C5BBA7254C7D9700F1A3CB /* Project object */;
			proxyType = 1;
			remoteGlobalIDString = F0C5BBAE254C7D9700F1A3CB;
			remoteInfo = TeamDiceRoller;
		};
		F0C5BBD1254C7D9900F1A3CB /* PBXContainerItemProxy */ = {
			isa = PBXContainerItemProxy;
			containerPortal = F0C5BBA7254C7D9700F1A3CB /* Project object */;
			proxyType = 1;
			remoteGlobalIDString = F0C5BBAE254C7D9700F1A3CB;
			remoteInfo = TeamDiceRoller;
		};
/* End PBXContainerItemProxy section */

/* Begin PBXFileReference section */
		5A7212A1254C86AA005DEB1A /* RollDiceView.swift */ = {isa = PBXFileReference; lastKnownFileType = sourcecode.swift; path = RollDiceView.swift; sourceTree = "<group>"; };
		5A7212A9254CC6D4005DEB1A /* HistoryView.swift */ = {isa = PBXFileReference; lastKnownFileType = sourcecode.swift; path = HistoryView.swift; sourceTree = "<group>"; };
		72C8A54F254C90DA009AF55D /* DiceView.swift */ = {isa = PBXFileReference; lastKnownFileType = sourcecode.swift; path = DiceView.swift; sourceTree = "<group>"; };
		F0C5BBAF254C7D9700F1A3CB /* TeamDiceRoller.app */ = {isa = PBXFileReference; explicitFileType = wrapper.application; includeInIndex = 0; path = TeamDiceRoller.app; sourceTree = BUILT_PRODUCTS_DIR; };
		F0C5BBB2254C7D9700F1A3CB /* TeamDiceRollerApp.swift */ = {isa = PBXFileReference; lastKnownFileType = sourcecode.swift; path = TeamDiceRollerApp.swift; sourceTree = "<group>"; };
		F0C5BBB4254C7D9700F1A3CB /* ContentView.swift */ = {isa = PBXFileReference; lastKnownFileType = sourcecode.swift; path = ContentView.swift; sourceTree = "<group>"; };
		F0C5BBB6254C7D9900F1A3CB /* Assets.xcassets */ = {isa = PBXFileReference; lastKnownFileType = folder.assetcatalog; path = Assets.xcassets; sourceTree = "<group>"; };
		F0C5BBB9254C7D9900F1A3CB /* Preview Assets.xcassets */ = {isa = PBXFileReference; lastKnownFileType = folder.assetcatalog; path = "Preview Assets.xcassets"; sourceTree = "<group>"; };
		F0C5BBBB254C7D9900F1A3CB /* Persistence.swift */ = {isa = PBXFileReference; lastKnownFileType = sourcecode.swift; path = Persistence.swift; sourceTree = "<group>"; };
		F0C5BBBE254C7D9900F1A3CB /* TeamDiceRoller.xcdatamodel */ = {isa = PBXFileReference; lastKnownFileType = wrapper.xcdatamodel; path = TeamDiceRoller.xcdatamodel; sourceTree = "<group>"; };
		F0C5BBC0254C7D9900F1A3CB /* Info.plist */ = {isa = PBXFileReference; lastKnownFileType = text.plist.xml; path = Info.plist; sourceTree = "<group>"; };
		F0C5BBC5254C7D9900F1A3CB /* TeamDiceRollerTests.xctest */ = {isa = PBXFileReference; explicitFileType = wrapper.cfbundle; includeInIndex = 0; path = TeamDiceRollerTests.xctest; sourceTree = BUILT_PRODUCTS_DIR; };
		F0C5BBC9254C7D9900F1A3CB /* TeamDiceRollerTests.swift */ = {isa = PBXFileReference; lastKnownFileType = sourcecode.swift; path = TeamDiceRollerTests.swift; sourceTree = "<group>"; };
		F0C5BBCB254C7D9900F1A3CB /* Info.plist */ = {isa = PBXFileReference; lastKnownFileType = text.plist.xml; path = Info.plist; sourceTree = "<group>"; };
		F0C5BBD0254C7D9900F1A3CB /* TeamDiceRollerUITests.xctest */ = {isa = PBXFileReference; explicitFileType = wrapper.cfbundle; includeInIndex = 0; path = TeamDiceRollerUITests.xctest; sourceTree = BUILT_PRODUCTS_DIR; };
		F0C5BBD4254C7D9900F1A3CB /* TeamDiceRollerUITests.swift */ = {isa = PBXFileReference; lastKnownFileType = sourcecode.swift; path = TeamDiceRollerUITests.swift; sourceTree = "<group>"; };
		F0C5BBD6254C7D9900F1A3CB /* Info.plist */ = {isa = PBXFileReference; lastKnownFileType = text.plist.xml; path = Info.plist; sourceTree = "<group>"; };
/* End PBXFileReference section */

/* Begin PBXFrameworksBuildPhase section */
		F0C5BBAC254C7D9700F1A3CB /* Frameworks */ = {
			isa = PBXFrameworksBuildPhase;
			buildActionMask = 2147483647;
			files = (
			);
			runOnlyForDeploymentPostprocessing = 0;
		};
		F0C5BBC2254C7D9900F1A3CB /* Frameworks */ = {
			isa = PBXFrameworksBuildPhase;
			buildActionMask = 2147483647;
			files = (
			);
			runOnlyForDeploymentPostprocessing = 0;
		};
		F0C5BBCD254C7D9900F1A3CB /* Frameworks */ = {
			isa = PBXFrameworksBuildPhase;
			buildActionMask = 2147483647;
			files = (
			);
			runOnlyForDeploymentPostprocessing = 0;
		};
/* End PBXFrameworksBuildPhase section */

/* Begin PBXGroup section */
		F0C5BBA6254C7D9700F1A3CB = {
			isa = PBXGroup;
			children = (
				F0C5BBB1254C7D9700F1A3CB /* TeamDiceRoller */,
				F0C5BBC8254C7D9900F1A3CB /* TeamDiceRollerTests */,
				F0C5BBD3254C7D9900F1A3CB /* TeamDiceRollerUITests */,
				F0C5BBB0254C7D9700F1A3CB /* Products */,
			);
			sourceTree = "<group>";
		};
		F0C5BBB0254C7D9700F1A3CB /* Products */ = {
			isa = PBXGroup;
			children = (
				F0C5BBAF254C7D9700F1A3CB /* TeamDiceRoller.app */,
				F0C5BBC5254C7D9900F1A3CB /* TeamDiceRollerTests.xctest */,
				F0C5BBD0254C7D9900F1A3CB /* TeamDiceRollerUITests.xctest */,
			);
			name = Products;
			sourceTree = "<group>";
		};
		F0C5BBB1254C7D9700F1A3CB /* TeamDiceRoller */ = {
			isa = PBXGroup;
			children = (
				F0C5BBB2254C7D9700F1A3CB /* TeamDiceRollerApp.swift */,
				F0C5BBB4254C7D9700F1A3CB /* ContentView.swift */,
				F0C5BBB6254C7D9900F1A3CB /* Assets.xcassets */,
				F0C5BBBB254C7D9900F1A3CB /* Persistence.swift */,
				F0C5BBC0254C7D9900F1A3CB /* Info.plist */,
				F0C5BBBD254C7D9900F1A3CB /* TeamDiceRoller.xcdatamodeld */,
				F0C5BBB8254C7D9900F1A3CB /* Preview Content */,
				5A7212A1254C86AA005DEB1A /* RollDiceView.swift */,
				72C8A54F254C90DA009AF55D /* DiceView.swift */,
				5A7212A9254CC6D4005DEB1A /* HistoryView.swift */,
			);
			path = TeamDiceRoller;
			sourceTree = "<group>";
		};
		F0C5BBB8254C7D9900F1A3CB /* Preview Content */ = {
			isa = PBXGroup;
			children = (
				F0C5BBB9254C7D9900F1A3CB /* Preview Assets.xcassets */,
			);
			path = "Preview Content";
			sourceTree = "<group>";
		};
		F0C5BBC8254C7D9900F1A3CB /* TeamDiceRollerTests */ = {
			isa = PBXGroup;
			children = (
				F0C5BBC9254C7D9900F1A3CB /* TeamDiceRollerTests.swift */,
				F0C5BBCB254C7D9900F1A3CB /* Info.plist */,
			);
			path = TeamDiceRollerTests;
			sourceTree = "<group>";
		};
		F0C5BBD3254C7D9900F1A3CB /* TeamDiceRollerUITests */ = {
			isa = PBXGroup;
			children = (
				F0C5BBD4254C7D9900F1A3CB /* TeamDiceRollerUITests.swift */,
				F0C5BBD6254C7D9900F1A3CB /* Info.plist */,
			);
			path = TeamDiceRollerUITests;
			sourceTree = "<group>";
		};
/* End PBXGroup section */

/* Begin PBXNativeTarget section */
		F0C5BBAE254C7D9700F1A3CB /* TeamDiceRoller */ = {
			isa = PBXNativeTarget;
			buildConfigurationList = F0C5BBD9254C7D9900F1A3CB /* Build configuration list for PBXNativeTarget "TeamDiceRoller" */;
			buildPhases = (
				F0C5BBAB254C7D9700F1A3CB /* Sources */,
				F0C5BBAC254C7D9700F1A3CB /* Frameworks */,
				F0C5BBAD254C7D9700F1A3CB /* Resources */,
			);
			buildRules = (
			);
			dependencies = (
			);
			name = TeamDiceRoller;
			productName = TeamDiceRoller;
			productReference = F0C5BBAF254C7D9700F1A3CB /* TeamDiceRoller.app */;
			productType = "com.apple.product-type.application";
		};
		F0C5BBC4254C7D9900F1A3CB /* TeamDiceRollerTests */ = {
			isa = PBXNativeTarget;
			buildConfigurationList = F0C5BBDC254C7D9900F1A3CB /* Build configuration list for PBXNativeTarget "TeamDiceRollerTests" */;
			buildPhases = (
				F0C5BBC1254C7D9900F1A3CB /* Sources */,
				F0C5BBC2254C7D9900F1A3CB /* Frameworks */,
				F0C5BBC3254C7D9900F1A3CB /* Resources */,
			);
			buildRules = (
			);
			dependencies = (
				F0C5BBC7254C7D9900F1A3CB /* PBXTargetDependency */,
			);
			name = TeamDiceRollerTests;
			productName = TeamDiceRollerTests;
			productReference = F0C5BBC5254C7D9900F1A3CB /* TeamDiceRollerTests.xctest */;
			productType = "com.apple.product-type.bundle.unit-test";
		};
		F0C5BBCF254C7D9900F1A3CB /* TeamDiceRollerUITests */ = {
			isa = PBXNativeTarget;
			buildConfigurationList = F0C5BBDF254C7D9900F1A3CB /* Build configuration list for PBXNativeTarget "TeamDiceRollerUITests" */;
			buildPhases = (
				F0C5BBCC254C7D9900F1A3CB /* Sources */,
				F0C5BBCD254C7D9900F1A3CB /* Frameworks */,
				F0C5BBCE254C7D9900F1A3CB /* Resources */,
			);
			buildRules = (
			);
			dependencies = (
				F0C5BBD2254C7D9900F1A3CB /* PBXTargetDependency */,
			);
			name = TeamDiceRollerUITests;
			productName = TeamDiceRollerUITests;
			productReference = F0C5BBD0254C7D9900F1A3CB /* TeamDiceRollerUITests.xctest */;
			productType = "com.apple.product-type.bundle.ui-testing";
		};
/* End PBXNativeTarget section */

/* Begin PBXProject section */
		F0C5BBA7254C7D9700F1A3CB /* Project object */ = {
			isa = PBXProject;
			attributes = {
				LastSwiftUpdateCheck = 1210;
				LastUpgradeCheck = 1210;
				TargetAttributes = {
					F0C5BBAE254C7D9700F1A3CB = {
						CreatedOnToolsVersion = 12.1;
					};
					F0C5BBC4254C7D9900F1A3CB = {
						CreatedOnToolsVersion = 12.1;
						TestTargetID = F0C5BBAE254C7D9700F1A3CB;
					};
					F0C5BBCF254C7D9900F1A3CB = {
						CreatedOnToolsVersion = 12.1;
						TestTargetID = F0C5BBAE254C7D9700F1A3CB;
					};
				};
			};
			buildConfigurationList = F0C5BBAA254C7D9700F1A3CB /* Build configuration list for PBXProject "TeamDiceRoller" */;
			compatibilityVersion = "Xcode 9.3";
			developmentRegion = en;
			hasScannedForEncodings = 0;
			knownRegions = (
				en,
				Base,
			);
			mainGroup = F0C5BBA6254C7D9700F1A3CB;
			productRefGroup = F0C5BBB0254C7D9700F1A3CB /* Products */;
			projectDirPath = "";
			projectRoot = "";
			targets = (
				F0C5BBAE254C7D9700F1A3CB /* TeamDiceRoller */,
				F0C5BBC4254C7D9900F1A3CB /* TeamDiceRollerTests */,
				F0C5BBCF254C7D9900F1A3CB /* TeamDiceRollerUITests */,
			);
		};
/* End PBXProject section */

/* Begin PBXResourcesBuildPhase section */
		F0C5BBAD254C7D9700F1A3CB /* Resources */ = {
			isa = PBXResourcesBuildPhase;
			buildActionMask = 2147483647;
			files = (
				F0C5BBBA254C7D9900F1A3CB /* Preview Assets.xcassets in Resources */,
				F0C5BBB7254C7D9900F1A3CB /* Assets.xcassets in Resources */,
			);
			runOnlyForDeploymentPostprocessing = 0;
		};
		F0C5BBC3254C7D9900F1A3CB /* Resources */ = {
			isa = PBXResourcesBuildPhase;
			buildActionMask = 2147483647;
			files = (
			);
			runOnlyForDeploymentPostprocessing = 0;
		};
		F0C5BBCE254C7D9900F1A3CB /* Resources */ = {
			isa = PBXResourcesBuildPhase;
			buildActionMask = 2147483647;
			files = (
			);
			runOnlyForDeploymentPostprocessing = 0;
		};
/* End PBXResourcesBuildPhase section */

/* Begin PBXSourcesBuildPhase section */
		F0C5BBAB254C7D9700F1A3CB /* Sources */ = {
			isa = PBXSourcesBuildPhase;
			buildActionMask = 2147483647;
			files = (
				5A7212AA254CC6D4005DEB1A /* HistoryView.swift in Sources */,
				F0C5BBBC254C7D9900F1A3CB /* Persistence.swift in Sources */,
				72C8A550254C90DA009AF55D /* DiceView.swift in Sources */,
				F0C5BBB5254C7D9700F1A3CB /* ContentView.swift in Sources */,
				F0C5BBB3254C7D9700F1A3CB /* TeamDiceRollerApp.swift in Sources */,
				5A7212A2254C86AA005DEB1A /* RollDiceView.swift in Sources */,
				F0C5BBBF254C7D9900F1A3CB /* TeamDiceRoller.xcdatamodeld in Sources */,
			);
			runOnlyForDeploymentPostprocessing = 0;
		};
		F0C5BBC1254C7D9900F1A3CB /* Sources */ = {
			isa = PBXSourcesBuildPhase;
			buildActionMask = 2147483647;
			files = (
				F0C5BBCA254C7D9900F1A3CB /* TeamDiceRollerTests.swift in Sources */,
			);
			runOnlyForDeploymentPostprocessing = 0;
		};
		F0C5BBCC254C7D9900F1A3CB /* Sources */ = {
			isa = PBXSourcesBuildPhase;
			buildActionMask = 2147483647;
			files = (
				F0C5BBD5254C7D9900F1A3CB /* TeamDiceRollerUITests.swift in Sources */,
			);
			runOnlyForDeploymentPostprocessing = 0;
		};
/* End PBXSourcesBuildPhase section */

/* Begin PBXTargetDependency section */
		F0C5BBC7254C7D9900F1A3CB /* PBXTargetDependency */ = {
			isa = PBXTargetDependency;
			target = F0C5BBAE254C7D9700F1A3CB /* TeamDiceRoller */;
			targetProxy = F0C5BBC6254C7D9900F1A3CB /* PBXContainerItemProxy */;
		};
		F0C5BBD2254C7D9900F1A3CB /* PBXTargetDependency */ = {
			isa = PBXTargetDependency;
			target = F0C5BBAE254C7D9700F1A3CB /* TeamDiceRoller */;
			targetProxy = F0C5BBD1254C7D9900F1A3CB /* PBXContainerItemProxy */;
		};
/* End PBXTargetDependency section */

/* Begin XCBuildConfiguration section */
		F0C5BBD7254C7D9900F1A3CB /* Debug */ = {
			isa = XCBuildConfiguration;
			buildSettings = {
				ALWAYS_SEARCH_USER_PATHS = NO;
				CLANG_ANALYZER_NONNULL = YES;
				CLANG_ANALYZER_NUMBER_OBJECT_CONVERSION = YES_AGGRESSIVE;
				CLANG_CXX_LANGUAGE_STANDARD = "gnu++14";
				CLANG_CXX_LIBRARY = "libc++";
				CLANG_ENABLE_MODULES = YES;
				CLANG_ENABLE_OBJC_ARC = YES;
				CLANG_ENABLE_OBJC_WEAK = YES;
				CLANG_WARN_BLOCK_CAPTURE_AUTORELEASING = YES;
				CLANG_WARN_BOOL_CONVERSION = YES;
				CLANG_WARN_COMMA = YES;
				CLANG_WARN_CONSTANT_CONVERSION = YES;
				CLANG_WARN_DEPRECATED_OBJC_IMPLEMENTATIONS = YES;
				CLANG_WARN_DIRECT_OBJC_ISA_USAGE = YES_ERROR;
				CLANG_WARN_DOCUMENTATION_COMMENTS = YES;
				CLANG_WARN_EMPTY_BODY = YES;
				CLANG_WARN_ENUM_CONVERSION = YES;
				CLANG_WARN_INFINITE_RECURSION = YES;
				CLANG_WARN_INT_CONVERSION = YES;
				CLANG_WARN_NON_LITERAL_NULL_CONVERSION = YES;
				CLANG_WARN_OBJC_IMPLICIT_RETAIN_SELF = YES;
				CLANG_WARN_OBJC_LITERAL_CONVERSION = YES;
				CLANG_WARN_OBJC_ROOT_CLASS = YES_ERROR;
				CLANG_WARN_QUOTED_INCLUDE_IN_FRAMEWORK_HEADER = YES;
				CLANG_WARN_RANGE_LOOP_ANALYSIS = YES;
				CLANG_WARN_STRICT_PROTOTYPES = YES;
				CLANG_WARN_SUSPICIOUS_MOVE = YES;
				CLANG_WARN_UNGUARDED_AVAILABILITY = YES_AGGRESSIVE;
				CLANG_WARN_UNREACHABLE_CODE = YES;
				CLANG_WARN__DUPLICATE_METHOD_MATCH = YES;
				COPY_PHASE_STRIP = NO;
				DEBUG_INFORMATION_FORMAT = dwarf;
				ENABLE_STRICT_OBJC_MSGSEND = YES;
				ENABLE_TESTABILITY = YES;
				GCC_C_LANGUAGE_STANDARD = gnu11;
				GCC_DYNAMIC_NO_PIC = NO;
				GCC_NO_COMMON_BLOCKS = YES;
				GCC_OPTIMIZATION_LEVEL = 0;
				GCC_PREPROCESSOR_DEFINITIONS = (
					"DEBUG=1",
					"$(inherited)",
				);
				GCC_WARN_64_TO_32_BIT_CONVERSION = YES;
				GCC_WARN_ABOUT_RETURN_TYPE = YES_ERROR;
				GCC_WARN_UNDECLARED_SELECTOR = YES;
				GCC_WARN_UNINITIALIZED_AUTOS = YES_AGGRESSIVE;
				GCC_WARN_UNUSED_FUNCTION = YES;
				GCC_WARN_UNUSED_VARIABLE = YES;
				IPHONEOS_DEPLOYMENT_TARGET = 14.1;
				MTL_ENABLE_DEBUG_INFO = INCLUDE_SOURCE;
				MTL_FAST_MATH = YES;
				ONLY_ACTIVE_ARCH = YES;
				SDKROOT = iphoneos;
				SWIFT_ACTIVE_COMPILATION_CONDITIONS = DEBUG;
				SWIFT_OPTIMIZATION_LEVEL = "-Onone";
			};
			name = Debug;
		};
		F0C5BBD8254C7D9900F1A3CB /* Release */ = {
			isa = XCBuildConfiguration;
			buildSettings = {
				ALWAYS_SEARCH_USER_PATHS = NO;
				CLANG_ANALYZER_NONNULL = YES;
				CLANG_ANALYZER_NUMBER_OBJECT_CONVERSION = YES_AGGRESSIVE;
				CLANG_CXX_LANGUAGE_STANDARD = "gnu++14";
				CLANG_CXX_LIBRARY = "libc++";
				CLANG_ENABLE_MODULES = YES;
				CLANG_ENABLE_OBJC_ARC = YES;
				CLANG_ENABLE_OBJC_WEAK = YES;
				CLANG_WARN_BLOCK_CAPTURE_AUTORELEASING = YES;
				CLANG_WARN_BOOL_CONVERSION = YES;
				CLANG_WARN_COMMA = YES;
				CLANG_WARN_CONSTANT_CONVERSION = YES;
				CLANG_WARN_DEPRECATED_OBJC_IMPLEMENTATIONS = YES;
				CLANG_WARN_DIRECT_OBJC_ISA_USAGE = YES_ERROR;
				CLANG_WARN_DOCUMENTATION_COMMENTS = YES;
				CLANG_WARN_EMPTY_BODY = YES;
				CLANG_WARN_ENUM_CONVERSION = YES;
				CLANG_WARN_INFINITE_RECURSION = YES;
				CLANG_WARN_INT_CONVERSION = YES;
				CLANG_WARN_NON_LITERAL_NULL_CONVERSION = YES;
				CLANG_WARN_OBJC_IMPLICIT_RETAIN_SELF = YES;
				CLANG_WARN_OBJC_LITERAL_CONVERSION = YES;
				CLANG_WARN_OBJC_ROOT_CLASS = YES_ERROR;
				CLANG_WARN_QUOTED_INCLUDE_IN_FRAMEWORK_HEADER = YES;
				CLANG_WARN_RANGE_LOOP_ANALYSIS = YES;
				CLANG_WARN_STRICT_PROTOTYPES = YES;
				CLANG_WARN_SUSPICIOUS_MOVE = YES;
				CLANG_WARN_UNGUARDED_AVAILABILITY = YES_AGGRESSIVE;
				CLANG_WARN_UNREACHABLE_CODE = YES;
				CLANG_WARN__DUPLICATE_METHOD_MATCH = YES;
				COPY_PHASE_STRIP = NO;
				DEBUG_INFORMATION_FORMAT = "dwarf-with-dsym";
				ENABLE_NS_ASSERTIONS = NO;
				ENABLE_STRICT_OBJC_MSGSEND = YES;
				GCC_C_LANGUAGE_STANDARD = gnu11;
				GCC_NO_COMMON_BLOCKS = YES;
				GCC_WARN_64_TO_32_BIT_CONVERSION = YES;
				GCC_WARN_ABOUT_RETURN_TYPE = YES_ERROR;
				GCC_WARN_UNDECLARED_SELECTOR = YES;
				GCC_WARN_UNINITIALIZED_AUTOS = YES_AGGRESSIVE;
				GCC_WARN_UNUSED_FUNCTION = YES;
				GCC_WARN_UNUSED_VARIABLE = YES;
				IPHONEOS_DEPLOYMENT_TARGET = 14.1;
				MTL_ENABLE_DEBUG_INFO = NO;
				MTL_FAST_MATH = YES;
				SDKROOT = iphoneos;
				SWIFT_COMPILATION_MODE = wholemodule;
				SWIFT_OPTIMIZATION_LEVEL = "-O";
				VALIDATE_PRODUCT = YES;
			};
			name = Release;
		};
		F0C5BBDA254C7D9900F1A3CB /* Debug */ = {
			isa = XCBuildConfiguration;
			buildSettings = {
				ASSETCATALOG_COMPILER_APPICON_NAME = AppIcon;
				ASSETCATALOG_COMPILER_GLOBAL_ACCENT_COLOR_NAME = AccentColor;
				CODE_SIGN_STYLE = Automatic;
				DEVELOPMENT_ASSET_PATHS = "\"TeamDiceRoller/Preview Content\"";
				DEVELOPMENT_TEAM = 3SA677UMLV;
				ENABLE_PREVIEWS = YES;
				INFOPLIST_FILE = TeamDiceRoller/Info.plist;
				IPHONEOS_DEPLOYMENT_TARGET = 14.0;
				LD_RUNPATH_SEARCH_PATHS = (
					"$(inherited)",
					"@executable_path/Frameworks",
				);
				PRODUCT_BUNDLE_IDENTIFIER = com.control4.TeamDiceRoller;
				PRODUCT_NAME = "$(TARGET_NAME)";
				SWIFT_VERSION = 5.0;
				TARGETED_DEVICE_FAMILY = "1,2";
			};
			name = Debug;
		};
		F0C5BBDB254C7D9900F1A3CB /* Release */ = {
			isa = XCBuildConfiguration;
			buildSettings = {
				ASSETCATALOG_COMPILER_APPICON_NAME = AppIcon;
				ASSETCATALOG_COMPILER_GLOBAL_ACCENT_COLOR_NAME = AccentColor;
				CODE_SIGN_STYLE = Automatic;
				DEVELOPMENT_ASSET_PATHS = "\"TeamDiceRoller/Preview Content\"";
				DEVELOPMENT_TEAM = 3SA677UMLV;
				ENABLE_PREVIEWS = YES;
				INFOPLIST_FILE = TeamDiceRoller/Info.plist;
				IPHONEOS_DEPLOYMENT_TARGET = 14.0;
				LD_RUNPATH_SEARCH_PATHS = (
					"$(inherited)",
					"@executable_path/Frameworks",
				);
				PRODUCT_BUNDLE_IDENTIFIER = com.control4.TeamDiceRoller;
				PRODUCT_NAME = "$(TARGET_NAME)";
				SWIFT_VERSION = 5.0;
				TARGETED_DEVICE_FAMILY = "1,2";
			};
			name = Release;
		};
		F0C5BBDD254C7D9900F1A3CB /* Debug */ = {
			isa = XCBuildConfiguration;
			buildSettings = {
				ALWAYS_EMBED_SWIFT_STANDARD_LIBRARIES = YES;
				BUNDLE_LOADER = "$(TEST_HOST)";
				CODE_SIGN_STYLE = Automatic;
				DEVELOPMENT_TEAM = 3SA677UMLV;
				INFOPLIST_FILE = TeamDiceRollerTests/Info.plist;
				IPHONEOS_DEPLOYMENT_TARGET = 14.0;
				LD_RUNPATH_SEARCH_PATHS = (
					"$(inherited)",
					"@executable_path/Frameworks",
					"@loader_path/Frameworks",
				);
				PRODUCT_BUNDLE_IDENTIFIER = com.control4.TeamDiceRollerTests;
				PRODUCT_NAME = "$(TARGET_NAME)";
				SWIFT_VERSION = 5.0;
				TARGETED_DEVICE_FAMILY = "1,2";
				TEST_HOST = "$(BUILT_PRODUCTS_DIR)/TeamDiceRoller.app/TeamDiceRoller";
			};
			name = Debug;
		};
		F0C5BBDE254C7D9900F1A3CB /* Release */ = {
			isa = XCBuildConfiguration;
			buildSettings = {
				ALWAYS_EMBED_SWIFT_STANDARD_LIBRARIES = YES;
				BUNDLE_LOADER = "$(TEST_HOST)";
				CODE_SIGN_STYLE = Automatic;
				DEVELOPMENT_TEAM = 3SA677UMLV;
				INFOPLIST_FILE = TeamDiceRollerTests/Info.plist;
				IPHONEOS_DEPLOYMENT_TARGET = 14.0;
				LD_RUNPATH_SEARCH_PATHS = (
					"$(inherited)",
					"@executable_path/Frameworks",
					"@loader_path/Frameworks",
				);
				PRODUCT_BUNDLE_IDENTIFIER = com.control4.TeamDiceRollerTests;
				PRODUCT_NAME = "$(TARGET_NAME)";
				SWIFT_VERSION = 5.0;
				TARGETED_DEVICE_FAMILY = "1,2";
				TEST_HOST = "$(BUILT_PRODUCTS_DIR)/TeamDiceRoller.app/TeamDiceRoller";
			};
			name = Release;
		};
		F0C5BBE0254C7D9900F1A3CB /* Debug */ = {
			isa = XCBuildConfiguration;
			buildSettings = {
				ALWAYS_EMBED_SWIFT_STANDARD_LIBRARIES = YES;
				CODE_SIGN_STYLE = Automatic;
				DEVELOPMENT_TEAM = 3SA677UMLV;
				INFOPLIST_FILE = TeamDiceRollerUITests/Info.plist;
				LD_RUNPATH_SEARCH_PATHS = (
					"$(inherited)",
					"@executable_path/Frameworks",
					"@loader_path/Frameworks",
				);
				PRODUCT_BUNDLE_IDENTIFIER = com.control4.TeamDiceRollerUITests;
				PRODUCT_NAME = "$(TARGET_NAME)";
				SWIFT_VERSION = 5.0;
				TARGETED_DEVICE_FAMILY = "1,2";
				TEST_TARGET_NAME = TeamDiceRoller;
			};
			name = Debug;
		};
		F0C5BBE1254C7D9900F1A3CB /* Release */ = {
			isa = XCBuildConfiguration;
			buildSettings = {
				ALWAYS_EMBED_SWIFT_STANDARD_LIBRARIES = YES;
				CODE_SIGN_STYLE = Automatic;
				DEVELOPMENT_TEAM = 3SA677UMLV;
				INFOPLIST_FILE = TeamDiceRollerUITests/Info.plist;
				LD_RUNPATH_SEARCH_PATHS = (
					"$(inherited)",
					"@executable_path/Frameworks",
					"@loader_path/Frameworks",
				);
				PRODUCT_BUNDLE_IDENTIFIER = com.control4.TeamDiceRollerUITests;
				PRODUCT_NAME = "$(TARGET_NAME)";
				SWIFT_VERSION = 5.0;
				TARGETED_DEVICE_FAMILY = "1,2";
				TEST_TARGET_NAME = TeamDiceRoller;
			};
			name = Release;
		};
/* End XCBuildConfiguration section */

/* Begin XCConfigurationList section */
		F0C5BBAA254C7D9700F1A3CB /* Build configuration list for PBXProject "TeamDiceRoller" */ = {
			isa = XCConfigurationList;
			buildConfigurations = (
				F0C5BBD7254C7D9900F1A3CB /* Debug */,
				F0C5BBD8254C7D9900F1A3CB /* Release */,
			);
			defaultConfigurationIsVisible = 0;
			defaultConfigurationName = Release;
		};
		F0C5BBD9254C7D9900F1A3CB /* Build configuration list for PBXNativeTarget "TeamDiceRoller" */ = {
			isa = XCConfigurationList;
			buildConfigurations = (
				F0C5BBDA254C7D9900F1A3CB /* Debug */,
				F0C5BBDB254C7D9900F1A3CB /* Release */,
			);
			defaultConfigurationIsVisible = 0;
			defaultConfigurationName = Release;
		};
		F0C5BBDC254C7D9900F1A3CB /* Build configuration list for PBXNativeTarget "TeamDiceRollerTests" */ = {
			isa = XCConfigurationList;
			buildConfigurations = (
				F0C5BBDD254C7D9900F1A3CB /* Debug */,
				F0C5BBDE254C7D9900F1A3CB /* Release */,
			);
			defaultConfigurationIsVisible = 0;
			defaultConfigurationName = Release;
		};
		F0C5BBDF254C7D9900F1A3CB /* Build configuration list for PBXNativeTarget "TeamDiceRollerUITests" */ = {
			isa = XCConfigurationList;
			buildConfigurations = (
				F0C5BBE0254C7D9900F1A3CB /* Debug */,
				F0C5BBE1254C7D9900F1A3CB /* Release */,
			);
			defaultConfigurationIsVisible = 0;
			defaultConfigurationName = Release;
		};
/* End XCConfigurationList section */

/* Begin XCVersionGroup section */
		F0C5BBBD254C7D9900F1A3CB /* TeamDiceRoller.xcdatamodeld */ = {
			isa = XCVersionGroup;
			children = (
				F0C5BBBE254C7D9900F1A3CB /* TeamDiceRoller.xcdatamodel */,
			);
			currentVersion = F0C5BBBE254C7D9900F1A3CB /* TeamDiceRoller.xcdatamodel */;
			path = TeamDiceRoller.xcdatamodeld;
			sourceTree = "<group>";
			versionGroupType = wrapper.xcdatamodel;
		};
/* End XCVersionGroup section */
	};
	rootObject = F0C5BBA7254C7D9700F1A3CB /* Project object */;
}
